
Microsoft Visual Studio Solution File, Format Version 12.00
# Visual Studio Version 16
VisualStudioVersion = 25.0.1700.0
MinimumVisualStudioVersion = 10.0.40219.1
Project("{FAE04EC0-301F-11D3-BF4B-00C04F79EFBC}") = "aspnetapp", "aspnetapp.csproj", "{CC58DD7B-151F-427D-BB4F-0A85891F50AE}"
EndProject
Global
	GlobalSection(SolutionConfigurationPlatforms) = preSolution
		Debug|Any CPU = Debug|Any CPU
		Release|Any CPU = Release|Any CPU
	EndGlobalSection
	GlobalSection(ProjectConfigurationPlatforms) = postSolution
		{CC58DD7B-151F-427D-BB4F-0A85891F50AE}.Debug|Any CPU.ActiveCfg = Debug|Any CPU
		{CC58DD7B-151F-427D-BB4F-0A85891F50AE}.Debug|Any CPU.Build.0 = Debug|Any CPU
		{CC58DD7B-151F-427D-BB4F-0A85891F50AE}.Release|Any CPU.ActiveCfg = Release|Any CPU
		{CC58DD7B-151F-427D-BB4F-0A85891F50AE}.Release|Any CPU.Build.0 = Release|Any CPU
	EndGlobalSection
	GlobalSection(SolutionProperties) = preSolution
		HideSolutionNode = FALSE
	EndGlobalSection
	GlobalSection(ExtensibilityGlobals) = postSolution
		SolutionGuid = {342F0ADA-F086-4999-BB27-B576309882E8}
	EndGlobalSection
EndGlobal
